// !$*UTF8*$!
{
	archiveVersion = 1;
	classes = {
	};
	objectVersion = 55;
	objects = {

/* Begin PBXBuildFile section */
		3C1614B7275FD7A300392CE9 /* PlayersTableViewController.swift in Sources */ = {isa = PBXBuildFile; fileRef = 3C1614B6275FD7A300392CE9 /* PlayersTableViewController.swift */; };
		3C1614BC275FD9F400392CE9 /* PlayerTableViewCell.swift in Sources */ = {isa = PBXBuildFile; fileRef = 3C1614BA275FD9F400392CE9 /* PlayerTableViewCell.swift */; };
		3C1614BD275FD9F400392CE9 /* PlayerTableViewCell.xib in Resources */ = {isa = PBXBuildFile; fileRef = 3C1614BB275FD9F400392CE9 /* PlayerTableViewCell.xib */; };
		3C1614BF275FDC1700392CE9 /* Extensions.swift in Sources */ = {isa = PBXBuildFile; fileRef = 3C1614BE275FDC1700392CE9 /* Extensions.swift */; };
		3C20B61D276E330B00FA5BDA /* StandingsTableViewCell.swift in Sources */ = {isa = PBXBuildFile; fileRef = 3C20B61B276E330B00FA5BDA /* StandingsTableViewCell.swift */; };
		3C20B61E276E330B00FA5BDA /* StandingsTableViewCell.xib in Resources */ = {isa = PBXBuildFile; fileRef = 3C20B61C276E330B00FA5BDA /* StandingsTableViewCell.xib */; };
		3C492AAA2768C183002E78AE /* StandingsResponse.swift in Sources */ = {isa = PBXBuildFile; fileRef = 3C492AA92768C183002E78AE /* StandingsResponse.swift */; };
		3C4E30DD2766365700CA2859 /* GoalsViewController.swift in Sources */ = {isa = PBXBuildFile; fileRef = 3C4E30DC2766365700CA2859 /* GoalsViewController.swift */; };
		3C4E30E22766744F00CA2859 /* LeaguesViewController.swift in Sources */ = {isa = PBXBuildFile; fileRef = 3C4E30E12766744F00CA2859 /* LeaguesViewController.swift */; };
		3C73BE61275E3CA800949C15 /* AppDelegate.swift in Sources */ = {isa = PBXBuildFile; fileRef = 3C73BE60275E3CA800949C15 /* AppDelegate.swift */; };
		3C73BE63275E3CA800949C15 /* SceneDelegate.swift in Sources */ = {isa = PBXBuildFile; fileRef = 3C73BE62275E3CA800949C15 /* SceneDelegate.swift */; };
		3C73BE6B275E3CA800949C15 /* FootballApp2.xcdatamodeld in Sources */ = {isa = PBXBuildFile; fileRef = 3C73BE69275E3CA800949C15 /* FootballApp2.xcdatamodeld */; };
		3C73BE6D275E3CA800949C15 /* Assets.xcassets in Resources */ = {isa = PBXBuildFile; fileRef = 3C73BE6C275E3CA800949C15 /* Assets.xcassets */; };
		3C73BE70275E3CA800949C15 /* LaunchScreen.storyboard in Resources */ = {isa = PBXBuildFile; fileRef = 3C73BE6E275E3CA800949C15 /* LaunchScreen.storyboard */; };
		3C73BE79275E3EF300949C15 /* ApiManager.swift in Sources */ = {isa = PBXBuildFile; fileRef = 3C73BE78275E3EF300949C15 /* ApiManager.swift */; };
		3C73BE7C275E4F9E00949C15 /* PlayersResponse.swift in Sources */ = {isa = PBXBuildFile; fileRef = 3C73BE7B275E4F9E00949C15 /* PlayersResponse.swift */; };
		3C8AC180276747B9003F5B24 /* MenuViewController.swift in Sources */ = {isa = PBXBuildFile; fileRef = 3C8AC17F276747B9003F5B24 /* MenuViewController.swift */; };
		3C8AC18527674B04003F5B24 /* TableTableViewController.swift in Sources */ = {isa = PBXBuildFile; fileRef = 3C8AC18427674B04003F5B24 /* TableTableViewController.swift */; };
		3CD4004C276E575400F6FA68 /* Main.storyboard in Resources */ = {isa = PBXBuildFile; fileRef = 3CD4004B276E575400F6FA68 /* Main.storyboard */; };
/* End PBXBuildFile section */

/* Begin PBXFileReference section */
		3C1614B6275FD7A300392CE9 /* PlayersTableViewController.swift */ = {isa = PBXFileReference; lastKnownFileType = sourcecode.swift; path = PlayersTableViewController.swift; sourceTree = "<group>"; };
		3C1614BA275FD9F400392CE9 /* PlayerTableViewCell.swift */ = {isa = PBXFileReference; lastKnownFileType = sourcecode.swift; path = PlayerTableViewCell.swift; sourceTree = "<group>"; };
		3C1614BB275FD9F400392CE9 /* PlayerTableViewCell.xib */ = {isa = PBXFileReference; lastKnownFileType = file.xib; path = PlayerTableViewCell.xib; sourceTree = "<group>"; };
		3C1614BE275FDC1700392CE9 /* Extensions.swift */ = {isa = PBXFileReference; lastKnownFileType = sourcecode.swift; path = Extensions.swift; sourceTree = "<group>"; };
		3C20B61B276E330B00FA5BDA /* StandingsTableViewCell.swift */ = {isa = PBXFileReference; lastKnownFileType = sourcecode.swift; path = StandingsTableViewCell.swift; sourceTree = "<group>"; };
		3C20B61C276E330B00FA5BDA /* StandingsTableViewCell.xib */ = {isa = PBXFileReference; lastKnownFileType = file.xib; path = StandingsTableViewCell.xib; sourceTree = "<group>"; };
		3C492AA92768C183002E78AE /* StandingsResponse.swift */ = {isa = PBXFileReference; lastKnownFileType = sourcecode.swift; path = StandingsResponse.swift; sourceTree = "<group>"; };
		3C4E30DC2766365700CA2859 /* GoalsViewController.swift */ = {isa = PBXFileReference; lastKnownFileType = sourcecode.swift; path = GoalsViewController.swift; sourceTree = "<group>"; };
		3C4E30E12766744F00CA2859 /* LeaguesViewController.swift */ = {isa = PBXFileReference; lastKnownFileType = sourcecode.swift; path = LeaguesViewController.swift; sourceTree = "<group>"; };
		3C73BE5D275E3CA800949C15 /* FootballApp2.app */ = {isa = PBXFileReference; explicitFileType = wrapper.application; includeInIndex = 0; path = FootballApp2.app; sourceTree = BUILT_PRODUCTS_DIR; };
		3C73BE60275E3CA800949C15 /* AppDelegate.swift */ = {isa = PBXFileReference; lastKnownFileType = sourcecode.swift; path = AppDelegate.swift; sourceTree = "<group>"; };
		3C73BE62275E3CA800949C15 /* SceneDelegate.swift */ = {isa = PBXFileReference; lastKnownFileType = sourcecode.swift; path = SceneDelegate.swift; sourceTree = "<group>"; };
		3C73BE6A275E3CA800949C15 /* FootballApp2.xcdatamodel */ = {isa = PBXFileReference; lastKnownFileType = wrapper.xcdatamodel; path = FootballApp2.xcdatamodel; sourceTree = "<group>"; };
		3C73BE6C275E3CA800949C15 /* Assets.xcassets */ = {isa = PBXFileReference; lastKnownFileType = folder.assetcatalog; path = Assets.xcassets; sourceTree = "<group>"; };
		3C73BE6F275E3CA800949C15 /* Base */ = {isa = PBXFileReference; lastKnownFileType = file.storyboard; name = Base; path = Base.lproj/LaunchScreen.storyboard; sourceTree = "<group>"; };
		3C73BE71275E3CA800949C15 /* Info.plist */ = {isa = PBXFileReference; lastKnownFileType = text.plist.xml; path = Info.plist; sourceTree = "<group>"; };
		3C73BE78275E3EF300949C15 /* ApiManager.swift */ = {isa = PBXFileReference; lastKnownFileType = sourcecode.swift; path = ApiManager.swift; sourceTree = "<group>"; };
		3C73BE7B275E4F9E00949C15 /* PlayersResponse.swift */ = {isa = PBXFileReference; lastKnownFileType = sourcecode.swift; path = PlayersResponse.swift; sourceTree = "<group>"; };
		3C8AC17F276747B9003F5B24 /* MenuViewController.swift */ = {isa = PBXFileReference; lastKnownFileType = sourcecode.swift; path = MenuViewController.swift; sourceTree = "<group>"; };
		3C8AC18427674B04003F5B24 /* TableTableViewController.swift */ = {isa = PBXFileReference; lastKnownFileType = sourcecode.swift; path = TableTableViewController.swift; sourceTree = "<group>"; };
		3CD4004B276E575400F6FA68 /* Main.storyboard */ = {isa = PBXFileReference; fileEncoding = 4; lastKnownFileType = file.storyboard; path = Main.storyboard; sourceTree = "<group>"; };
/* End PBXFileReference section */

/* Begin PBXFrameworksBuildPhase section */
		3C73BE5A275E3CA800949C15 /* Frameworks */ = {
			isa = PBXFrameworksBuildPhase;
			buildActionMask = 2147483647;
			files = (
			);
			runOnlyForDeploymentPostprocessing = 0;
		};
/* End PBXFrameworksBuildPhase section */

/* Begin PBXGroup section */
		3C1614B5275FD78B00392CE9 /* Controllers */ = {
			isa = PBXGroup;
			children = (
				3C8AC18327674AC1003F5B24 /* Table */,
				3C8AC17E27674792003F5B24 /* Menu */,
				3C4E30DE2766739B00CA2859 /* Leagues */,
				3C9CCDCF2760CEE200AAB7C8 /* PlayerDetails */,
				3C9CCDCA2760CE7C00AAB7C8 /* Player */,
			);
			path = Controllers;
			sourceTree = "<group>";
		};
		3C492AA82768C147002E78AE /* Standings */ = {
			isa = PBXGroup;
			children = (
				3C492AA92768C183002E78AE /* StandingsResponse.swift */,
			);
			path = Standings;
			sourceTree = "<group>";
		};
		3C4E30DE2766739B00CA2859 /* Leagues */ = {
			isa = PBXGroup;
			children = (
				3C4E30E12766744F00CA2859 /* LeaguesViewController.swift */,
			);
			path = Leagues;
			sourceTree = "<group>";
		};
		3C73BE54275E3CA800949C15 = {
			isa = PBXGroup;
			children = (
				3C73BE5F275E3CA800949C15 /* FootballApp2 */,
				3C73BE5E275E3CA800949C15 /* Products */,
			);
			sourceTree = "<group>";
		};
		3C73BE5E275E3CA800949C15 /* Products */ = {
			isa = PBXGroup;
			children = (
				3C73BE5D275E3CA800949C15 /* FootballApp2.app */,
			);
			name = Products;
			sourceTree = "<group>";
		};
		3C73BE5F275E3CA800949C15 /* FootballApp2 */ = {
			isa = PBXGroup;
			children = (
				3C1614B5275FD78B00392CE9 /* Controllers */,
				3C73BE77275E3EE000949C15 /* ApiResponse */,
				3C73BE60275E3CA800949C15 /* AppDelegate.swift */,
				3C73BE62275E3CA800949C15 /* SceneDelegate.swift */,
				3C73BE6C275E3CA800949C15 /* Assets.xcassets */,
				3CD4004B276E575400F6FA68 /* Main.storyboard */,
				3C73BE6E275E3CA800949C15 /* LaunchScreen.storyboard */,
				3C73BE71275E3CA800949C15 /* Info.plist */,
				3C73BE69275E3CA800949C15 /* FootballApp2.xcdatamodeld */,
				3C1614BE275FDC1700392CE9 /* Extensions.swift */,
			);
			path = FootballApp2;
			sourceTree = "<group>";
		};
		3C73BE77275E3EE000949C15 /* ApiResponse */ = {
			isa = PBXGroup;
			children = (
				3C73BE78275E3EF300949C15 /* ApiManager.swift */,
				3C492AA82768C147002E78AE /* Standings */,
				3C73BE7A275E4F7A00949C15 /* Players */,
			);
			path = ApiResponse;
			sourceTree = "<group>";
		};
		3C73BE7A275E4F7A00949C15 /* Players */ = {
			isa = PBXGroup;
			children = (
				3C73BE7B275E4F9E00949C15 /* PlayersResponse.swift */,
			);
			path = Players;
			sourceTree = "<group>";
		};
		3C8AC17E27674792003F5B24 /* Menu */ = {
			isa = PBXGroup;
			children = (
				3C8AC17F276747B9003F5B24 /* MenuViewController.swift */,
			);
			path = Menu;
			sourceTree = "<group>";
		};
		3C8AC18327674AC1003F5B24 /* Table */ = {
			isa = PBXGroup;
			children = (
				3C8AC18427674B04003F5B24 /* TableTableViewController.swift */,
				3C20B61B276E330B00FA5BDA /* StandingsTableViewCell.swift */,
				3C20B61C276E330B00FA5BDA /* StandingsTableViewCell.xib */,
			);
			path = Table;
			sourceTree = "<group>";
		};
		3C9CCDCA2760CE7C00AAB7C8 /* Player */ = {
			isa = PBXGroup;
			children = (
				3C1614B6275FD7A300392CE9 /* PlayersTableViewController.swift */,
				3C1614BA275FD9F400392CE9 /* PlayerTableViewCell.swift */,
				3C1614BB275FD9F400392CE9 /* PlayerTableViewCell.xib */,
			);
			path = Player;
			sourceTree = "<group>";
		};
		3C9CCDCF2760CEE200AAB7C8 /* PlayerDetails */ = {
			isa = PBXGroup;
			children = (
				3C4E30DC2766365700CA2859 /* GoalsViewController.swift */,
			);
			path = PlayerDetails;
			sourceTree = "<group>";
		};
/* End PBXGroup section */

/* Begin PBXNativeTarget section */
		3C73BE5C275E3CA800949C15 /* FootballApp2 */ = {
			isa = PBXNativeTarget;
			buildConfigurationList = 3C73BE74275E3CA800949C15 /* Build configuration list for PBXNativeTarget "FootballApp2" */;
			buildPhases = (
				3C73BE59275E3CA800949C15 /* Sources */,
				3C73BE5A275E3CA800949C15 /* Frameworks */,
				3C73BE5B275E3CA800949C15 /* Resources */,
			);
			buildRules = (
			);
			dependencies = (
			);
			name = FootballApp2;
			productName = FootballApp2;
			productReference = 3C73BE5D275E3CA800949C15 /* FootballApp2.app */;
			productType = "com.apple.product-type.application";
		};
/* End PBXNativeTarget section */

/* Begin PBXProject section */
		3C73BE55275E3CA800949C15 /* Project object */ = {
			isa = PBXProject;
			attributes = {
				BuildIndependentTargetsInParallel = 1;
				LastSwiftUpdateCheck = 1310;
				LastUpgradeCheck = 1310;
				TargetAttributes = {
					3C73BE5C275E3CA800949C15 = {
						CreatedOnToolsVersion = 13.1;
					};
				};
			};
			buildConfigurationList = 3C73BE58275E3CA800949C15 /* Build configuration list for PBXProject "FootballApp2" */;
			compatibilityVersion = "Xcode 13.0";
			developmentRegion = en;
			hasScannedForEncodings = 0;
			knownRegions = (
				en,
				Base,
			);
			mainGroup = 3C73BE54275E3CA800949C15;
			productRefGroup = 3C73BE5E275E3CA800949C15 /* Products */;
			projectDirPath = "";
			projectRoot = "";
			targets = (
				3C73BE5C275E3CA800949C15 /* FootballApp2 */,
			);
		};
/* End PBXProject section */

/* Begin PBXResourcesBuildPhase section */
		3C73BE5B275E3CA800949C15 /* Resources */ = {
			isa = PBXResourcesBuildPhase;
			buildActionMask = 2147483647;
			files = (
				3C1614BD275FD9F400392CE9 /* PlayerTableViewCell.xib in Resources */,
				3CD4004C276E575400F6FA68 /* Main.storyboard in Resources */,
				3C20B61E276E330B00FA5BDA /* StandingsTableViewCell.xib in Resources */,
				3C73BE70275E3CA800949C15 /* LaunchScreen.storyboard in Resources */,
				3C73BE6D275E3CA800949C15 /* Assets.xcassets in Resources */,
			);
			runOnlyForDeploymentPostprocessing = 0;
		};
/* End PBXResourcesBuildPhase section */

/* Begin PBXSourcesBuildPhase section */
		3C73BE59275E3CA800949C15 /* Sources */ = {
			isa = PBXSourcesBuildPhase;
			buildActionMask = 2147483647;
			files = (
				3C1614BC275FD9F400392CE9 /* PlayerTableViewCell.swift in Sources */,
				3C1614B7275FD7A300392CE9 /* PlayersTableViewController.swift in Sources */,
				3C73BE7C275E4F9E00949C15 /* PlayersResponse.swift in Sources */,
				3C1614BF275FDC1700392CE9 /* Extensions.swift in Sources */,
				3C8AC18527674B04003F5B24 /* TableTableViewController.swift in Sources */,
				3C8AC180276747B9003F5B24 /* MenuViewController.swift in Sources */,
				3C20B61D276E330B00FA5BDA /* StandingsTableViewCell.swift in Sources */,
				3C73BE61275E3CA800949C15 /* AppDelegate.swift in Sources */,
				3C73BE63275E3CA800949C15 /* SceneDelegate.swift in Sources */,
				3C492AAA2768C183002E78AE /* StandingsResponse.swift in Sources */,
				3C73BE79275E3EF300949C15 /* ApiManager.swift in Sources */,
				3C4E30E22766744F00CA2859 /* LeaguesViewController.swift in Sources */,
				3C73BE6B275E3CA800949C15 /* FootballApp2.xcdatamodeld in Sources */,
				3C4E30DD2766365700CA2859 /* GoalsViewController.swift in Sources */,
			);
			runOnlyForDeploymentPostprocessing = 0;
		};
/* End PBXSourcesBuildPhase section */

/* Begin PBXVariantGroup section */
		3C73BE6E275E3CA800949C15 /* LaunchScreen.storyboard */ = {
			isa = PBXVariantGroup;
			children = (
				3C73BE6F275E3CA800949C15 /* Base */,
			);
			name = LaunchScreen.storyboard;
			sourceTree = "<group>";
		};
/* End PBXVariantGroup section */

/* Begin XCBuildConfiguration section */
		3C73BE72275E3CA800949C15 /* Debug */ = {
			isa = XCBuildConfiguration;
			buildSettings = {
				ALWAYS_SEARCH_USER_PATHS = NO;
				CLANG_ANALYZER_NONNULL = YES;
				CLANG_ANALYZER_NUMBER_OBJECT_CONVERSION = YES_AGGRESSIVE;
				CLANG_CXX_LANGUAGE_STANDARD = "gnu++17";
				CLANG_CXX_LIBRARY = "libc++";
				CLANG_ENABLE_MODULES = YES;
				CLANG_ENABLE_OBJC_ARC = YES;
				CLANG_ENABLE_OBJC_WEAK = YES;
				CLANG_WARN_BLOCK_CAPTURE_AUTORELEASING = YES;
				CLANG_WARN_BOOL_CONVERSION = YES;
				CLANG_WARN_COMMA = YES;
				CLANG_WARN_CONSTANT_CONVERSION = YES;
				CLANG_WARN_DEPRECATED_OBJC_IMPLEMENTATIONS = YES;
				CLANG_WARN_DIRECT_OBJC_ISA_USAGE = YES_ERROR;
				CLANG_WARN_DOCUMENTATION_COMMENTS = YES;
				CLANG_WARN_EMPTY_BODY = YES;
				CLANG_WARN_ENUM_CONVERSION = YES;
				CLANG_WARN_INFINITE_RECURSION = YES;
				CLANG_WARN_INT_CONVERSION = YES;
				CLANG_WARN_NON_LITERAL_NULL_CONVERSION = YES;
				CLANG_WARN_OBJC_IMPLICIT_RETAIN_SELF = YES;
				CLANG_WARN_OBJC_LITERAL_CONVERSION = YES;
				CLANG_WARN_OBJC_ROOT_CLASS = YES_ERROR;
				CLANG_WARN_QUOTED_INCLUDE_IN_FRAMEWORK_HEADER = YES;
				CLANG_WARN_RANGE_LOOP_ANALYSIS = YES;
				CLANG_WARN_STRICT_PROTOTYPES = YES;
				CLANG_WARN_SUSPICIOUS_MOVE = YES;
				CLANG_WARN_UNGUARDED_AVAILABILITY = YES_AGGRESSIVE;
				CLANG_WARN_UNREACHABLE_CODE = YES;
				CLANG_WARN__DUPLICATE_METHOD_MATCH = YES;
				COPY_PHASE_STRIP = NO;
				DEBUG_INFORMATION_FORMAT = dwarf;
				ENABLE_STRICT_OBJC_MSGSEND = YES;
				ENABLE_TESTABILITY = YES;
				GCC_C_LANGUAGE_STANDARD = gnu11;
				GCC_DYNAMIC_NO_PIC = NO;
				GCC_NO_COMMON_BLOCKS = YES;
				GCC_OPTIMIZATION_LEVEL = 0;
				GCC_PREPROCESSOR_DEFINITIONS = (
					"DEBUG=1",
					"$(inherited)",
				);
				GCC_WARN_64_TO_32_BIT_CONVERSION = YES;
				GCC_WARN_ABOUT_RETURN_TYPE = YES_ERROR;
				GCC_WARN_UNDECLARED_SELECTOR = YES;
				GCC_WARN_UNINITIALIZED_AUTOS = YES_AGGRESSIVE;
				GCC_WARN_UNUSED_FUNCTION = YES;
				GCC_WARN_UNUSED_VARIABLE = YES;
				IPHONEOS_DEPLOYMENT_TARGET = 15.0;
				MTL_ENABLE_DEBUG_INFO = INCLUDE_SOURCE;
				MTL_FAST_MATH = YES;
				ONLY_ACTIVE_ARCH = YES;
				SDKROOT = iphoneos;
				SWIFT_ACTIVE_COMPILATION_CONDITIONS = DEBUG;
				SWIFT_OPTIMIZATION_LEVEL = "-Onone";
			};
			name = Debug;
		};
		3C73BE73275E3CA800949C15 /* Release */ = {
			isa = XCBuildConfiguration;
			buildSettings = {
				ALWAYS_SEARCH_USER_PATHS = NO;
				CLANG_ANALYZER_NONNULL = YES;
				CLANG_ANALYZER_NUMBER_OBJECT_CONVERSION = YES_AGGRESSIVE;
				CLANG_CXX_LANGUAGE_STANDARD = "gnu++17";
				CLANG_CXX_LIBRARY = "libc++";
				CLANG_ENABLE_MODULES = YES;
				CLANG_ENABLE_OBJC_ARC = YES;
				CLANG_ENABLE_OBJC_WEAK = YES;
				CLANG_WARN_BLOCK_CAPTURE_AUTORELEASING = YES;
				CLANG_WARN_BOOL_CONVERSION = YES;
				CLANG_WARN_COMMA = YES;
				CLANG_WARN_CONSTANT_CONVERSION = YES;
				CLANG_WARN_DEPRECATED_OBJC_IMPLEMENTATIONS = YES;
				CLANG_WARN_DIRECT_OBJC_ISA_USAGE = YES_ERROR;
				CLANG_WARN_DOCUMENTATION_COMMENTS = YES;
				CLANG_WARN_EMPTY_BODY = YES;
				CLANG_WARN_ENUM_CONVERSION = YES;
				CLANG_WARN_INFINITE_RECURSION = YES;
				CLANG_WARN_INT_CONVERSION = YES;
				CLANG_WARN_NON_LITERAL_NULL_CONVERSION = YES;
				CLANG_WARN_OBJC_IMPLICIT_RETAIN_SELF = YES;
				CLANG_WARN_OBJC_LITERAL_CONVERSION = YES;
				CLANG_WARN_OBJC_ROOT_CLASS = YES_ERROR;
				CLANG_WARN_QUOTED_INCLUDE_IN_FRAMEWORK_HEADER = YES;
				CLANG_WARN_RANGE_LOOP_ANALYSIS = YES;
				CLANG_WARN_STRICT_PROTOTYPES = YES;
				CLANG_WARN_SUSPICIOUS_MOVE = YES;
				CLANG_WARN_UNGUARDED_AVAILABILITY = YES_AGGRESSIVE;
				CLANG_WARN_UNREACHABLE_CODE = YES;
				CLANG_WARN__DUPLICATE_METHOD_MATCH = YES;
				COPY_PHASE_STRIP = NO;
				DEBUG_INFORMATION_FORMAT = "dwarf-with-dsym";
				ENABLE_NS_ASSERTIONS = NO;
				ENABLE_STRICT_OBJC_MSGSEND = YES;
				GCC_C_LANGUAGE_STANDARD = gnu11;
				GCC_NO_COMMON_BLOCKS = YES;
				GCC_WARN_64_TO_32_BIT_CONVERSION = YES;
				GCC_WARN_ABOUT_RETURN_TYPE = YES_ERROR;
				GCC_WARN_UNDECLARED_SELECTOR = YES;
				GCC_WARN_UNINITIALIZED_AUTOS = YES_AGGRESSIVE;
				GCC_WARN_UNUSED_FUNCTION = YES;
				GCC_WARN_UNUSED_VARIABLE = YES;
				IPHONEOS_DEPLOYMENT_TARGET = 15.0;
				MTL_ENABLE_DEBUG_INFO = NO;
				MTL_FAST_MATH = YES;
				SDKROOT = iphoneos;
				SWIFT_COMPILATION_MODE = wholemodule;
				SWIFT_OPTIMIZATION_LEVEL = "-O";
				VALIDATE_PRODUCT = YES;
			};
			name = Release;
		};
		3C73BE75275E3CA800949C15 /* Debug */ = {
			isa = XCBuildConfiguration;
			buildSettings = {
				ASSETCATALOG_COMPILER_APPICON_NAME = AppIcon;
				ASSETCATALOG_COMPILER_GLOBAL_ACCENT_COLOR_NAME = AccentColor;
				CODE_SIGN_STYLE = Automatic;
				CURRENT_PROJECT_VERSION = 1;
				DEVELOPMENT_TEAM = 6492MMPC3V;
				GENERATE_INFOPLIST_FILE = YES;
				INFOPLIST_FILE = FootballApp2/Info.plist;
				INFOPLIST_KEY_UIApplicationSupportsIndirectInputEvents = YES;
				INFOPLIST_KEY_UILaunchStoryboardName = LaunchScreen;
				INFOPLIST_KEY_UIMainStoryboardFile = Main;
				INFOPLIST_KEY_UISupportedInterfaceOrientations_iPad = "UIInterfaceOrientationPortrait UIInterfaceOrientationPortraitUpsideDown UIInterfaceOrientationLandscapeLeft UIInterfaceOrientationLandscapeRight";
				INFOPLIST_KEY_UISupportedInterfaceOrientations_iPhone = "UIInterfaceOrientationPortrait UIInterfaceOrientationLandscapeLeft UIInterfaceOrientationLandscapeRight";
				LD_RUNPATH_SEARCH_PATHS = (
					"$(inherited)",
					"@executable_path/Frameworks",
				);
				MARKETING_VERSION = 1.0;
				PRODUCT_BUNDLE_IDENTIFIER = edu.galinial.FootballApp2;
				PRODUCT_NAME = "$(TARGET_NAME)";
				SWIFT_EMIT_LOC_STRINGS = YES;
				SWIFT_VERSION = 5.0;
				TARGETED_DEVICE_FAMILY = "1,2";
			};
			name = Debug;
		};
		3C73BE76275E3CA800949C15 /* Release */ = {
			isa = XCBuildConfiguration;
			buildSettings = {
				ASSETCATALOG_COMPILER_APPICON_NAME = AppIcon;
				ASSETCATALOG_COMPILER_GLOBAL_ACCENT_COLOR_NAME = AccentColor;
				CODE_SIGN_STYLE = Automatic;
				CURRENT_PROJECT_VERSION = 1;
				DEVELOPMENT_TEAM = 6492MMPC3V;
				GENERATE_INFOPLIST_FILE = YES;
				INFOPLIST_FILE = FootballApp2/Info.plist;
				INFOPLIST_KEY_UIApplicationSupportsIndirectInputEvents = YES;
				INFOPLIST_KEY_UILaunchStoryboardName = LaunchScreen;
				INFOPLIST_KEY_UIMainStoryboardFile = Main;
				INFOPLIST_KEY_UISupportedInterfaceOrientations_iPad = "UIInterfaceOrientationPortrait UIInterfaceOrientationPortraitUpsideDown UIInterfaceOrientationLandscapeLeft UIInterfaceOrientationLandscapeRight";
				INFOPLIST_KEY_UISupportedInterfaceOrientations_iPhone = "UIInterfaceOrientationPortrait UIInterfaceOrientationLandscapeLeft UIInterfaceOrientationLandscapeRight";
				LD_RUNPATH_SEARCH_PATHS = (
					"$(inherited)",
					"@executable_path/Frameworks",
				);
				MARKETING_VERSION = 1.0;
				PRODUCT_BUNDLE_IDENTIFIER = edu.galinial.FootballApp2;
				PRODUCT_NAME = "$(TARGET_NAME)";
				SWIFT_EMIT_LOC_STRINGS = YES;
				SWIFT_VERSION = 5.0;
				TARGETED_DEVICE_FAMILY = "1,2";
			};
			name = Release;
		};
/* End XCBuildConfiguration section */

/* Begin XCConfigurationList section */
		3C73BE58275E3CA800949C15 /* Build configuration list for PBXProject "FootballApp2" */ = {
			isa = XCConfigurationList;
			buildConfigurations = (
				3C73BE72275E3CA800949C15 /* Debug */,
				3C73BE73275E3CA800949C15 /* Release */,
			);
			defaultConfigurationIsVisible = 0;
			defaultConfigurationName = Release;
		};
		3C73BE74275E3CA800949C15 /* Build configuration list for PBXNativeTarget "FootballApp2" */ = {
			isa = XCConfigurationList;
			buildConfigurations = (
				3C73BE75275E3CA800949C15 /* Debug */,
				3C73BE76275E3CA800949C15 /* Release */,
			);
			defaultConfigurationIsVisible = 0;
			defaultConfigurationName = Release;
		};
/* End XCConfigurationList section */

/* Begin XCVersionGroup section */
		3C73BE69275E3CA800949C15 /* FootballApp2.xcdatamodeld */ = {
			isa = XCVersionGroup;
			children = (
				3C73BE6A275E3CA800949C15 /* FootballApp2.xcdatamodel */,
			);
			currentVersion = 3C73BE6A275E3CA800949C15 /* FootballApp2.xcdatamodel */;
			path = FootballApp2.xcdatamodeld;
			sourceTree = "<group>";
			versionGroupType = wrapper.xcdatamodel;
		};
/* End XCVersionGroup section */
	};
	rootObject = 3C73BE55275E3CA800949C15 /* Project object */;
}
